
Microsoft Visual Studio Solution File, Format Version 12.00
# Visual Studio Version 16
VisualStudioVersion = 16.0.30406.217
MinimumVisualStudioVersion = 10.0.40219.1
Project("{00D1A9C2-B5F0-4AF3-8072-F6C62B433612}") = "TrainingsSQL", "TrainingsSQL.sqlproj", "{4C3E0CAA-82DA-4628-AD1E-22673DDFA856}"
EndProject
Global
	GlobalSection(SolutionConfigurationPlatforms) = preSolution
		Debug|Any CPU = Debug|Any CPU
		Release|Any CPU = Release|Any CPU
	EndGlobalSection
	GlobalSection(ProjectConfigurationPlatforms) = postSolution
		{4C3E0CAA-82DA-4628-AD1E-22673DDFA856}.Debug|Any CPU.ActiveCfg = Debug|Any CPU
		{4C3E0CAA-82DA-4628-AD1E-22673DDFA856}.Debug|Any CPU.Build.0 = Debug|Any CPU
		{4C3E0CAA-82DA-4628-AD1E-22673DDFA856}.Debug|Any CPU.Deploy.0 = Debug|Any CPU
		{4C3E0CAA-82DA-4628-AD1E-22673DDFA856}.Release|Any CPU.ActiveCfg = Release|Any CPU
		{4C3E0CAA-82DA-4628-AD1E-22673DDFA856}.Release|Any CPU.Build.0 = Release|Any CPU
		{4C3E0CAA-82DA-4628-AD1E-22673DDFA856}.Release|Any CPU.Deploy.0 = Release|Any CPU
	EndGlobalSection
	GlobalSection(SolutionProperties) = preSolution
		HideSolutionNode = FALSE
	EndGlobalSection
	GlobalSection(ExtensibilityGlobals) = postSolution
		SolutionGuid = {F2C3E43A-E95B-4BAC-8EB9-7E52CCFA86EA}
	EndGlobalSection
EndGlobal
